
Microsoft Visual Studio Solution File, Format Version 12.00
# Visual Studio 15
VisualStudioVersion = 15.0.27130.2027
MinimumVisualStudioVersion = 10.0.40219.1
Project("{FAE04EC0-301F-11D3-BF4B-00C04F79EFBC}") = "Ecommerce", "Ecommerce.csproj", "{76FF284F-C869-4620-AC07-36C9DFAE0633}"
EndProject
Global
	GlobalSection(SolutionConfigurationPlatforms) = preSolution
		Debug|Any CPU = Debug|Any CPU
		Release|Any CPU = Release|Any CPU
	EndGlobalSection
	GlobalSection(ProjectConfigurationPlatforms) = postSolution
		{76FF284F-C869-4620-AC07-36C9DFAE0633}.Debug|Any CPU.ActiveCfg = Debug|Any CPU
		{76FF284F-C869-4620-AC07-36C9DFAE0633}.Debug|Any CPU.Build.0 = Debug|Any CPU
		{76FF284F-C869-4620-AC07-36C9DFAE0633}.Release|Any CPU.ActiveCfg = Release|Any CPU
		{76FF284F-C869-4620-AC07-36C9DFAE0633}.Release|Any CPU.Build.0 = Release|Any CPU
	EndGlobalSection
	GlobalSection(SolutionProperties) = preSolution
		HideSolutionNode = FALSE
	EndGlobalSection
	GlobalSection(ExtensibilityGlobals) = postSolution
		SolutionGuid = {22054F35-3A15-4DAD-A9C8-CCB76E59A81F}
	EndGlobalSection
EndGlobal
